// !$*UTF8*$!
{
	archiveVersion = 1;
	classes = {
	};
	objectVersion = 56;
	objects = {

/* Begin PBXBuildFile section */
		7E60617D29F5CB160001DF05 /* AAImageCropperApp.swift in Sources */ = {isa = PBXBuildFile; fileRef = 7E60617C29F5CB160001DF05 /* AAImageCropperApp.swift */; };
		7E60617F29F5CB160001DF05 /* ContentView.swift in Sources */ = {isa = PBXBuildFile; fileRef = 7E60617E29F5CB160001DF05 /* ContentView.swift */; };
		7E60618129F5CB160001DF05 /* Assets.xcassets in Resources */ = {isa = PBXBuildFile; fileRef = 7E60618029F5CB160001DF05 /* Assets.xcassets */; };
		7E60618429F5CB160001DF05 /* Preview Assets.xcassets in Resources */ = {isa = PBXBuildFile; fileRef = 7E60618329F5CB160001DF05 /* Preview Assets.xcassets */; };
		7E60618E29F5CB170001DF05 /* AAImageCropperTests.swift in Sources */ = {isa = PBXBuildFile; fileRef = 7E60618D29F5CB170001DF05 /* AAImageCropperTests.swift */; };
		7E60619829F5CB170001DF05 /* AAImageCropperUITests.swift in Sources */ = {isa = PBXBuildFile; fileRef = 7E60619729F5CB170001DF05 /* AAImageCropperUITests.swift */; };
		7E60619A29F5CB170001DF05 /* AAImageCropperUITestsLaunchTests.swift in Sources */ = {isa = PBXBuildFile; fileRef = 7E60619929F5CB170001DF05 /* AAImageCropperUITestsLaunchTests.swift */; };
		7E6061A829F5CC5A0001DF05 /* AAGridView.swift in Sources */ = {isa = PBXBuildFile; fileRef = 7E6061A729F5CC5A0001DF05 /* AAGridView.swift */; };
		7EEFA06E2A00FC2B00B910D4 /* PinchToZoom.swift in Sources */ = {isa = PBXBuildFile; fileRef = 7EEFA06D2A00FC2B00B910D4 /* PinchToZoom.swift */; };
		7EEFA0702A00FE5500B910D4 /* ScrollViewOffsetReader.swift in Sources */ = {isa = PBXBuildFile; fileRef = 7EEFA06F2A00FE5500B910D4 /* ScrollViewOffsetReader.swift */; };
		7EEFA0722A00FF3A00B910D4 /* ScrollViewModifier.swift in Sources */ = {isa = PBXBuildFile; fileRef = 7EEFA0712A00FF3A00B910D4 /* ScrollViewModifier.swift */; };
		7EEFA0742A010F9000B910D4 /* AAImageLoader.swift in Sources */ = {isa = PBXBuildFile; fileRef = 7EEFA0732A010F9000B910D4 /* AAImageLoader.swift */; };
/* End PBXBuildFile section */

/* Begin PBXContainerItemProxy section */
		7E60618A29F5CB170001DF05 /* PBXContainerItemProxy */ = {
			isa = PBXContainerItemProxy;
			containerPortal = 7E60617129F5CB160001DF05 /* Project object */;
			proxyType = 1;
			remoteGlobalIDString = 7E60617829F5CB160001DF05;
			remoteInfo = AAImageCropper;
		};
		7E60619429F5CB170001DF05 /* PBXContainerItemProxy */ = {
			isa = PBXContainerItemProxy;
			containerPortal = 7E60617129F5CB160001DF05 /* Project object */;
			proxyType = 1;
			remoteGlobalIDString = 7E60617829F5CB160001DF05;
			remoteInfo = AAImageCropper;
		};
/* End PBXContainerItemProxy section */

/* Begin PBXFileReference section */
		7E60617929F5CB160001DF05 /* AAImageCropper.app */ = {isa = PBXFileReference; explicitFileType = wrapper.application; includeInIndex = 0; path = AAImageCropper.app; sourceTree = BUILT_PRODUCTS_DIR; };
		7E60617C29F5CB160001DF05 /* AAImageCropperApp.swift */ = {isa = PBXFileReference; lastKnownFileType = sourcecode.swift; path = AAImageCropperApp.swift; sourceTree = "<group>"; };
		7E60617E29F5CB160001DF05 /* ContentView.swift */ = {isa = PBXFileReference; lastKnownFileType = sourcecode.swift; path = ContentView.swift; sourceTree = "<group>"; };
		7E60618029F5CB160001DF05 /* Assets.xcassets */ = {isa = PBXFileReference; lastKnownFileType = folder.assetcatalog; path = Assets.xcassets; sourceTree = "<group>"; };
		7E60618329F5CB160001DF05 /* Preview Assets.xcassets */ = {isa = PBXFileReference; lastKnownFileType = folder.assetcatalog; path = "Preview Assets.xcassets"; sourceTree = "<group>"; };
		7E60618929F5CB170001DF05 /* AAImageCropperTests.xctest */ = {isa = PBXFileReference; explicitFileType = wrapper.cfbundle; includeInIndex = 0; path = AAImageCropperTests.xctest; sourceTree = BUILT_PRODUCTS_DIR; };
		7E60618D29F5CB170001DF05 /* AAImageCropperTests.swift */ = {isa = PBXFileReference; lastKnownFileType = sourcecode.swift; path = AAImageCropperTests.swift; sourceTree = "<group>"; };
		7E60619329F5CB170001DF05 /* AAImageCropperUITests.xctest */ = {isa = PBXFileReference; explicitFileType = wrapper.cfbundle; includeInIndex = 0; path = AAImageCropperUITests.xctest; sourceTree = BUILT_PRODUCTS_DIR; };
		7E60619729F5CB170001DF05 /* AAImageCropperUITests.swift */ = {isa = PBXFileReference; lastKnownFileType = sourcecode.swift; path = AAImageCropperUITests.swift; sourceTree = "<group>"; };
		7E60619929F5CB170001DF05 /* AAImageCropperUITestsLaunchTests.swift */ = {isa = PBXFileReference; lastKnownFileType = sourcecode.swift; path = AAImageCropperUITestsLaunchTests.swift; sourceTree = "<group>"; };
		7E6061A729F5CC5A0001DF05 /* AAGridView.swift */ = {isa = PBXFileReference; lastKnownFileType = sourcecode.swift; path = AAGridView.swift; sourceTree = "<group>"; };
		7EEFA06D2A00FC2B00B910D4 /* PinchToZoom.swift */ = {isa = PBXFileReference; lastKnownFileType = sourcecode.swift; path = PinchToZoom.swift; sourceTree = "<group>"; };
		7EEFA06F2A00FE5500B910D4 /* ScrollViewOffsetReader.swift */ = {isa = PBXFileReference; lastKnownFileType = sourcecode.swift; path = ScrollViewOffsetReader.swift; sourceTree = "<group>"; };
		7EEFA0712A00FF3A00B910D4 /* ScrollViewModifier.swift */ = {isa = PBXFileReference; lastKnownFileType = sourcecode.swift; path = ScrollViewModifier.swift; sourceTree = "<group>"; };
		7EEFA0732A010F9000B910D4 /* AAImageLoader.swift */ = {isa = PBXFileReference; lastKnownFileType = sourcecode.swift; path = AAImageLoader.swift; sourceTree = "<group>"; };
/* End PBXFileReference section */

/* Begin PBXFrameworksBuildPhase section */
		7E60617629F5CB160001DF05 /* Frameworks */ = {
			isa = PBXFrameworksBuildPhase;
			buildActionMask = 2147483647;
			files = (
			);
			runOnlyForDeploymentPostprocessing = 0;
		};
		7E60618629F5CB170001DF05 /* Frameworks */ = {
			isa = PBXFrameworksBuildPhase;
			buildActionMask = 2147483647;
			files = (
			);
			runOnlyForDeploymentPostprocessing = 0;
		};
		7E60619029F5CB170001DF05 /* Frameworks */ = {
			isa = PBXFrameworksBuildPhase;
			buildActionMask = 2147483647;
			files = (
			);
			runOnlyForDeploymentPostprocessing = 0;
		};
/* End PBXFrameworksBuildPhase section */

/* Begin PBXGroup section */
		7E60617029F5CB160001DF05 = {
			isa = PBXGroup;
			children = (
				7E60617B29F5CB160001DF05 /* AAImageCropper */,
				7E60618C29F5CB170001DF05 /* AAImageCropperTests */,
				7E60619629F5CB170001DF05 /* AAImageCropperUITests */,
				7E60617A29F5CB160001DF05 /* Products */,
			);
			sourceTree = "<group>";
		};
		7E60617A29F5CB160001DF05 /* Products */ = {
			isa = PBXGroup;
			children = (
				7E60617929F5CB160001DF05 /* AAImageCropper.app */,
				7E60618929F5CB170001DF05 /* AAImageCropperTests.xctest */,
				7E60619329F5CB170001DF05 /* AAImageCropperUITests.xctest */,
			);
			name = Products;
			sourceTree = "<group>";
		};
		7E60617B29F5CB160001DF05 /* AAImageCropper */ = {
			isa = PBXGroup;
			children = (
				7E6061A629F5CC480001DF05 /* Source */,
				7E60617C29F5CB160001DF05 /* AAImageCropperApp.swift */,
				7E60617E29F5CB160001DF05 /* ContentView.swift */,
				7E60618029F5CB160001DF05 /* Assets.xcassets */,
				7E60618229F5CB160001DF05 /* Preview Content */,
			);
			path = AAImageCropper;
			sourceTree = "<group>";
		};
		7E60618229F5CB160001DF05 /* Preview Content */ = {
			isa = PBXGroup;
			children = (
				7E60618329F5CB160001DF05 /* Preview Assets.xcassets */,
			);
			path = "Preview Content";
			sourceTree = "<group>";
		};
		7E60618C29F5CB170001DF05 /* AAImageCropperTests */ = {
			isa = PBXGroup;
			children = (
				7E60618D29F5CB170001DF05 /* AAImageCropperTests.swift */,
			);
			path = AAImageCropperTests;
			sourceTree = "<group>";
		};
		7E60619629F5CB170001DF05 /* AAImageCropperUITests */ = {
			isa = PBXGroup;
			children = (
				7E60619729F5CB170001DF05 /* AAImageCropperUITests.swift */,
				7E60619929F5CB170001DF05 /* AAImageCropperUITestsLaunchTests.swift */,
			);
			path = AAImageCropperUITests;
			sourceTree = "<group>";
		};
		7E6061A629F5CC480001DF05 /* Source */ = {
			isa = PBXGroup;
			children = (
				7E6061A729F5CC5A0001DF05 /* AAGridView.swift */,
				7EEFA06D2A00FC2B00B910D4 /* PinchToZoom.swift */,
				7EEFA06F2A00FE5500B910D4 /* ScrollViewOffsetReader.swift */,
				7EEFA0712A00FF3A00B910D4 /* ScrollViewModifier.swift */,
				7EEFA0732A010F9000B910D4 /* AAImageLoader.swift */,
			);
			path = Source;
			sourceTree = "<group>";
		};
/* End PBXGroup section */

/* Begin PBXNativeTarget section */
		7E60617829F5CB160001DF05 /* AAImageCropper */ = {
			isa = PBXNativeTarget;
			buildConfigurationList = 7E60619D29F5CB170001DF05 /* Build configuration list for PBXNativeTarget "AAImageCropper" */;
			buildPhases = (
				7E60617529F5CB160001DF05 /* Sources */,
				7E60617629F5CB160001DF05 /* Frameworks */,
				7E60617729F5CB160001DF05 /* Resources */,
			);
			buildRules = (
			);
			dependencies = (
			);
			name = AAImageCropper;
			productName = AAImageCropper;
			productReference = 7E60617929F5CB160001DF05 /* AAImageCropper.app */;
			productType = "com.apple.product-type.application";
		};
		7E60618829F5CB170001DF05 /* AAImageCropperTests */ = {
			isa = PBXNativeTarget;
			buildConfigurationList = 7E6061A029F5CB170001DF05 /* Build configuration list for PBXNativeTarget "AAImageCropperTests" */;
			buildPhases = (
				7E60618529F5CB170001DF05 /* Sources */,
				7E60618629F5CB170001DF05 /* Frameworks */,
				7E60618729F5CB170001DF05 /* Resources */,
			);
			buildRules = (
			);
			dependencies = (
				7E60618B29F5CB170001DF05 /* PBXTargetDependency */,
			);
			name = AAImageCropperTests;
			productName = AAImageCropperTests;
			productReference = 7E60618929F5CB170001DF05 /* AAImageCropperTests.xctest */;
			productType = "com.apple.product-type.bundle.unit-test";
		};
		7E60619229F5CB170001DF05 /* AAImageCropperUITests */ = {
			isa = PBXNativeTarget;
			buildConfigurationList = 7E6061A329F5CB170001DF05 /* Build configuration list for PBXNativeTarget "AAImageCropperUITests" */;
			buildPhases = (
				7E60618F29F5CB170001DF05 /* Sources */,
				7E60619029F5CB170001DF05 /* Frameworks */,
				7E60619129F5CB170001DF05 /* Resources */,
			);
			buildRules = (
			);
			dependencies = (
				7E60619529F5CB170001DF05 /* PBXTargetDependency */,
			);
			name = AAImageCropperUITests;
			productName = AAImageCropperUITests;
			productReference = 7E60619329F5CB170001DF05 /* AAImageCropperUITests.xctest */;
			productType = "com.apple.product-type.bundle.ui-testing";
		};
/* End PBXNativeTarget section */

/* Begin PBXProject section */
		7E60617129F5CB160001DF05 /* Project object */ = {
			isa = PBXProject;
			attributes = {
				BuildIndependentTargetsInParallel = 1;
				LastSwiftUpdateCheck = 1430;
				LastUpgradeCheck = 1430;
				TargetAttributes = {
					7E60617829F5CB160001DF05 = {
						CreatedOnToolsVersion = 14.3;
					};
					7E60618829F5CB170001DF05 = {
						CreatedOnToolsVersion = 14.3;
						TestTargetID = 7E60617829F5CB160001DF05;
					};
					7E60619229F5CB170001DF05 = {
						CreatedOnToolsVersion = 14.3;
						TestTargetID = 7E60617829F5CB160001DF05;
					};
				};
			};
			buildConfigurationList = 7E60617429F5CB160001DF05 /* Build configuration list for PBXProject "AAImageCropper" */;
			compatibilityVersion = "Xcode 14.0";
			developmentRegion = en;
			hasScannedForEncodings = 0;
			knownRegions = (
				en,
				Base,
			);
			mainGroup = 7E60617029F5CB160001DF05;
			productRefGroup = 7E60617A29F5CB160001DF05 /* Products */;
			projectDirPath = "";
			projectRoot = "";
			targets = (
				7E60617829F5CB160001DF05 /* AAImageCropper */,
				7E60618829F5CB170001DF05 /* AAImageCropperTests */,
				7E60619229F5CB170001DF05 /* AAImageCropperUITests */,
			);
		};
/* End PBXProject section */

/* Begin PBXResourcesBuildPhase section */
		7E60617729F5CB160001DF05 /* Resources */ = {
			isa = PBXResourcesBuildPhase;
			buildActionMask = 2147483647;
			files = (
				7E60618429F5CB160001DF05 /* Preview Assets.xcassets in Resources */,
				7E60618129F5CB160001DF05 /* Assets.xcassets in Resources */,
			);
			runOnlyForDeploymentPostprocessing = 0;
		};
		7E60618729F5CB170001DF05 /* Resources */ = {
			isa = PBXResourcesBuildPhase;
			buildActionMask = 2147483647;
			files = (
			);
			runOnlyForDeploymentPostprocessing = 0;
		};
		7E60619129F5CB170001DF05 /* Resources */ = {
			isa = PBXResourcesBuildPhase;
			buildActionMask = 2147483647;
			files = (
			);
			runOnlyForDeploymentPostprocessing = 0;
		};
/* End PBXResourcesBuildPhase section */

/* Begin PBXSourcesBuildPhase section */
		7E60617529F5CB160001DF05 /* Sources */ = {
			isa = PBXSourcesBuildPhase;
			buildActionMask = 2147483647;
			files = (
				7EEFA0722A00FF3A00B910D4 /* ScrollViewModifier.swift in Sources */,
				7E60617F29F5CB160001DF05 /* ContentView.swift in Sources */,
				7EEFA0702A00FE5500B910D4 /* ScrollViewOffsetReader.swift in Sources */,
				7E6061A829F5CC5A0001DF05 /* AAGridView.swift in Sources */,
				7EEFA06E2A00FC2B00B910D4 /* PinchToZoom.swift in Sources */,
				7EEFA0742A010F9000B910D4 /* AAImageLoader.swift in Sources */,
				7E60617D29F5CB160001DF05 /* AAImageCropperApp.swift in Sources */,
			);
			runOnlyForDeploymentPostprocessing = 0;
		};
		7E60618529F5CB170001DF05 /* Sources */ = {
			isa = PBXSourcesBuildPhase;
			buildActionMask = 2147483647;
			files = (
				7E60618E29F5CB170001DF05 /* AAImageCropperTests.swift in Sources */,
			);
			runOnlyForDeploymentPostprocessing = 0;
		};
		7E60618F29F5CB170001DF05 /* Sources */ = {
			isa = PBXSourcesBuildPhase;
			buildActionMask = 2147483647;
			files = (
				7E60619A29F5CB170001DF05 /* AAImageCropperUITestsLaunchTests.swift in Sources */,
				7E60619829F5CB170001DF05 /* AAImageCropperUITests.swift in Sources */,
			);
			runOnlyForDeploymentPostprocessing = 0;
		};
/* End PBXSourcesBuildPhase section */

/* Begin PBXTargetDependency section */
		7E60618B29F5CB170001DF05 /* PBXTargetDependency */ = {
			isa = PBXTargetDependency;
			target = 7E60617829F5CB160001DF05 /* AAImageCropper */;
			targetProxy = 7E60618A29F5CB170001DF05 /* PBXContainerItemProxy */;
		};
		7E60619529F5CB170001DF05 /* PBXTargetDependency */ = {
			isa = PBXTargetDependency;
			target = 7E60617829F5CB160001DF05 /* AAImageCropper */;
			targetProxy = 7E60619429F5CB170001DF05 /* PBXContainerItemProxy */;
		};
/* End PBXTargetDependency section */

/* Begin XCBuildConfiguration section */
		7E60619B29F5CB170001DF05 /* Debug */ = {
			isa = XCBuildConfiguration;
			buildSettings = {
				ALWAYS_SEARCH_USER_PATHS = NO;
				CLANG_ANALYZER_NONNULL = YES;
				CLANG_ANALYZER_NUMBER_OBJECT_CONVERSION = YES_AGGRESSIVE;
				CLANG_CXX_LANGUAGE_STANDARD = "gnu++20";
				CLANG_ENABLE_MODULES = YES;
				CLANG_ENABLE_OBJC_ARC = YES;
				CLANG_ENABLE_OBJC_WEAK = YES;
				CLANG_WARN_BLOCK_CAPTURE_AUTORELEASING = YES;
				CLANG_WARN_BOOL_CONVERSION = YES;
				CLANG_WARN_COMMA = YES;
				CLANG_WARN_CONSTANT_CONVERSION = YES;
				CLANG_WARN_DEPRECATED_OBJC_IMPLEMENTATIONS = YES;
				CLANG_WARN_DIRECT_OBJC_ISA_USAGE = YES_ERROR;
				CLANG_WARN_DOCUMENTATION_COMMENTS = YES;
				CLANG_WARN_EMPTY_BODY = YES;
				CLANG_WARN_ENUM_CONVERSION = YES;
				CLANG_WARN_INFINITE_RECURSION = YES;
				CLANG_WARN_INT_CONVERSION = YES;
				CLANG_WARN_NON_LITERAL_NULL_CONVERSION = YES;
				CLANG_WARN_OBJC_IMPLICIT_RETAIN_SELF = YES;
				CLANG_WARN_OBJC_LITERAL_CONVERSION = YES;
				CLANG_WARN_OBJC_ROOT_CLASS = YES_ERROR;
				CLANG_WARN_QUOTED_INCLUDE_IN_FRAMEWORK_HEADER = YES;
				CLANG_WARN_RANGE_LOOP_ANALYSIS = YES;
				CLANG_WARN_STRICT_PROTOTYPES = YES;
				CLANG_WARN_SUSPICIOUS_MOVE = YES;
				CLANG_WARN_UNGUARDED_AVAILABILITY = YES_AGGRESSIVE;
				CLANG_WARN_UNREACHABLE_CODE = YES;
				CLANG_WARN__DUPLICATE_METHOD_MATCH = YES;
				COPY_PHASE_STRIP = NO;
				DEBUG_INFORMATION_FORMAT = dwarf;
				ENABLE_STRICT_OBJC_MSGSEND = YES;
				ENABLE_TESTABILITY = YES;
				GCC_C_LANGUAGE_STANDARD = gnu11;
				GCC_DYNAMIC_NO_PIC = NO;
				GCC_NO_COMMON_BLOCKS = YES;
				GCC_OPTIMIZATION_LEVEL = 0;
				GCC_PREPROCESSOR_DEFINITIONS = (
					"DEBUG=1",
					"$(inherited)",
				);
				GCC_WARN_64_TO_32_BIT_CONVERSION = YES;
				GCC_WARN_ABOUT_RETURN_TYPE = YES_ERROR;
				GCC_WARN_UNDECLARED_SELECTOR = YES;
				GCC_WARN_UNINITIALIZED_AUTOS = YES_AGGRESSIVE;
				GCC_WARN_UNUSED_FUNCTION = YES;
				GCC_WARN_UNUSED_VARIABLE = YES;
				IPHONEOS_DEPLOYMENT_TARGET = 14.0;
				MTL_ENABLE_DEBUG_INFO = INCLUDE_SOURCE;
				MTL_FAST_MATH = YES;
				ONLY_ACTIVE_ARCH = YES;
				SDKROOT = iphoneos;
				SWIFT_ACTIVE_COMPILATION_CONDITIONS = DEBUG;
				SWIFT_OPTIMIZATION_LEVEL = "-Onone";
			};
			name = Debug;
		};
		7E60619C29F5CB170001DF05 /* Release */ = {
			isa = XCBuildConfiguration;
			buildSettings = {
				ALWAYS_SEARCH_USER_PATHS = NO;
				CLANG_ANALYZER_NONNULL = YES;
				CLANG_ANALYZER_NUMBER_OBJECT_CONVERSION = YES_AGGRESSIVE;
				CLANG_CXX_LANGUAGE_STANDARD = "gnu++20";
				CLANG_ENABLE_MODULES = YES;
				CLANG_ENABLE_OBJC_ARC = YES;
				CLANG_ENABLE_OBJC_WEAK = YES;
				CLANG_WARN_BLOCK_CAPTURE_AUTORELEASING = YES;
				CLANG_WARN_BOOL_CONVERSION = YES;
				CLANG_WARN_COMMA = YES;
				CLANG_WARN_CONSTANT_CONVERSION = YES;
				CLANG_WARN_DEPRECATED_OBJC_IMPLEMENTATIONS = YES;
				CLANG_WARN_DIRECT_OBJC_ISA_USAGE = YES_ERROR;
				CLANG_WARN_DOCUMENTATION_COMMENTS = YES;
				CLANG_WARN_EMPTY_BODY = YES;
				CLANG_WARN_ENUM_CONVERSION = YES;
				CLANG_WARN_INFINITE_RECURSION = YES;
				CLANG_WARN_INT_CONVERSION = YES;
				CLANG_WARN_NON_LITERAL_NULL_CONVERSION = YES;
				CLANG_WARN_OBJC_IMPLICIT_RETAIN_SELF = YES;
				CLANG_WARN_OBJC_LITERAL_CONVERSION = YES;
				CLANG_WARN_OBJC_ROOT_CLASS = YES_ERROR;
				CLANG_WARN_QUOTED_INCLUDE_IN_FRAMEWORK_HEADER = YES;
				CLANG_WARN_RANGE_LOOP_ANALYSIS = YES;
				CLANG_WARN_STRICT_PROTOTYPES = YES;
				CLANG_WARN_SUSPICIOUS_MOVE = YES;
				CLANG_WARN_UNGUARDED_AVAILABILITY = YES_AGGRESSIVE;
				CLANG_WARN_UNREACHABLE_CODE = YES;
				CLANG_WARN__DUPLICATE_METHOD_MATCH = YES;
				COPY_PHASE_STRIP = NO;
				DEBUG_INFORMATION_FORMAT = "dwarf-with-dsym";
				ENABLE_NS_ASSERTIONS = NO;
				ENABLE_STRICT_OBJC_MSGSEND = YES;
				GCC_C_LANGUAGE_STANDARD = gnu11;
				GCC_NO_COMMON_BLOCKS = YES;
				GCC_WARN_64_TO_32_BIT_CONVERSION = YES;
				GCC_WARN_ABOUT_RETURN_TYPE = YES_ERROR;
				GCC_WARN_UNDECLARED_SELECTOR = YES;
				GCC_WARN_UNINITIALIZED_AUTOS = YES_AGGRESSIVE;
				GCC_WARN_UNUSED_FUNCTION = YES;
				GCC_WARN_UNUSED_VARIABLE = YES;
				IPHONEOS_DEPLOYMENT_TARGET = 14.0;
				MTL_ENABLE_DEBUG_INFO = NO;
				MTL_FAST_MATH = YES;
				SDKROOT = iphoneos;
				SWIFT_COMPILATION_MODE = wholemodule;
				SWIFT_OPTIMIZATION_LEVEL = "-O";
				VALIDATE_PRODUCT = YES;
			};
			name = Release;
		};
		7E60619E29F5CB170001DF05 /* Debug */ = {
			isa = XCBuildConfiguration;
			buildSettings = {
				ASSETCATALOG_COMPILER_APPICON_NAME = AppIcon;
				ASSETCATALOG_COMPILER_GLOBAL_ACCENT_COLOR_NAME = AccentColor;
				CODE_SIGN_STYLE = Automatic;
				CURRENT_PROJECT_VERSION = 1;
				DEVELOPMENT_ASSET_PATHS = "\"AAImageCropper/Preview Content\"";
				DEVELOPMENT_TEAM = 9AUFUUBW55;
				ENABLE_PREVIEWS = YES;
				GENERATE_INFOPLIST_FILE = YES;
				INFOPLIST_KEY_NSPhotoLibraryUsageDescription = "Photo usage";
				INFOPLIST_KEY_UIApplicationSceneManifest_Generation = YES;
				INFOPLIST_KEY_UIApplicationSupportsIndirectInputEvents = YES;
				INFOPLIST_KEY_UILaunchScreen_Generation = YES;
				INFOPLIST_KEY_UISupportedInterfaceOrientations_iPad = "UIInterfaceOrientationPortrait UIInterfaceOrientationPortraitUpsideDown UIInterfaceOrientationLandscapeLeft UIInterfaceOrientationLandscapeRight";
				INFOPLIST_KEY_UISupportedInterfaceOrientations_iPhone = "UIInterfaceOrientationPortrait UIInterfaceOrientationLandscapeLeft UIInterfaceOrientationLandscapeRight";
				LD_RUNPATH_SEARCH_PATHS = (
					"$(inherited)",
					"@executable_path/Frameworks",
				);
				MARKETING_VERSION = 1.0;
				PRODUCT_BUNDLE_IDENTIFIER = com.cropper.AAImageCropper;
				PRODUCT_NAME = "$(TARGET_NAME)";
				SWIFT_EMIT_LOC_STRINGS = YES;
				SWIFT_VERSION = 5.0;
				TARGETED_DEVICE_FAMILY = "1,2";
			};
			name = Debug;
		};
		7E60619F29F5CB170001DF05 /* Release */ = {
			isa = XCBuildConfiguration;
			buildSettings = {
				ASSETCATALOG_COMPILER_APPICON_NAME = AppIcon;
				ASSETCATALOG_COMPILER_GLOBAL_ACCENT_COLOR_NAME = AccentColor;
				CODE_SIGN_STYLE = Automatic;
				CURRENT_PROJECT_VERSION = 1;
				DEVELOPMENT_ASSET_PATHS = "\"AAImageCropper/Preview Content\"";
				DEVELOPMENT_TEAM = 9AUFUUBW55;
				ENABLE_PREVIEWS = YES;
				GENERATE_INFOPLIST_FILE = YES;
				INFOPLIST_KEY_NSPhotoLibraryUsageDescription = "Photo usage";
				INFOPLIST_KEY_UIApplicationSceneManifest_Generation = YES;
				INFOPLIST_KEY_UIApplicationSupportsIndirectInputEvents = YES;
				INFOPLIST_KEY_UILaunchScreen_Generation = YES;
				INFOPLIST_KEY_UISupportedInterfaceOrientations_iPad = "UIInterfaceOrientationPortrait UIInterfaceOrientationPortraitUpsideDown UIInterfaceOrientationLandscapeLeft UIInterfaceOrientationLandscapeRight";
				INFOPLIST_KEY_UISupportedInterfaceOrientations_iPhone = "UIInterfaceOrientationPortrait UIInterfaceOrientationLandscapeLeft UIInterfaceOrientationLandscapeRight";
				LD_RUNPATH_SEARCH_PATHS = (
					"$(inherited)",
					"@executable_path/Frameworks",
				);
				MARKETING_VERSION = 1.0;
				PRODUCT_BUNDLE_IDENTIFIER = com.cropper.AAImageCropper;
				PRODUCT_NAME = "$(TARGET_NAME)";
				SWIFT_EMIT_LOC_STRINGS = YES;
				SWIFT_VERSION = 5.0;
				TARGETED_DEVICE_FAMILY = "1,2";
			};
			name = Release;
		};
		7E6061A129F5CB170001DF05 /* Debug */ = {
			isa = XCBuildConfiguration;
			buildSettings = {
				ALWAYS_EMBED_SWIFT_STANDARD_LIBRARIES = YES;
				BUNDLE_LOADER = "$(TEST_HOST)";
				CODE_SIGN_STYLE = Automatic;
				CURRENT_PROJECT_VERSION = 1;
				DEVELOPMENT_TEAM = 9AUFUUBW55;
				GENERATE_INFOPLIST_FILE = YES;
				IPHONEOS_DEPLOYMENT_TARGET = 16.4;
				MARKETING_VERSION = 1.0;
				PRODUCT_BUNDLE_IDENTIFIER = com.cropper.AAImageCropperTests;
				PRODUCT_NAME = "$(TARGET_NAME)";
				SWIFT_EMIT_LOC_STRINGS = NO;
				SWIFT_VERSION = 5.0;
				TARGETED_DEVICE_FAMILY = "1,2";
				TEST_HOST = "$(BUILT_PRODUCTS_DIR)/AAImageCropper.app/$(BUNDLE_EXECUTABLE_FOLDER_PATH)/AAImageCropper";
			};
			name = Debug;
		};
		7E6061A229F5CB170001DF05 /* Release */ = {
			isa = XCBuildConfiguration;
			buildSettings = {
				ALWAYS_EMBED_SWIFT_STANDARD_LIBRARIES = YES;
				BUNDLE_LOADER = "$(TEST_HOST)";
				CODE_SIGN_STYLE = Automatic;
				CURRENT_PROJECT_VERSION = 1;
				DEVELOPMENT_TEAM = 9AUFUUBW55;
				GENERATE_INFOPLIST_FILE = YES;
				IPHONEOS_DEPLOYMENT_TARGET = 16.4;
				MARKETING_VERSION = 1.0;
				PRODUCT_BUNDLE_IDENTIFIER = com.cropper.AAImageCropperTests;
				PRODUCT_NAME = "$(TARGET_NAME)";
				SWIFT_EMIT_LOC_STRINGS = NO;
				SWIFT_VERSION = 5.0;
				TARGETED_DEVICE_FAMILY = "1,2";
				TEST_HOST = "$(BUILT_PRODUCTS_DIR)/AAImageCropper.app/$(BUNDLE_EXECUTABLE_FOLDER_PATH)/AAImageCropper";
			};
			name = Release;
		};
		7E6061A429F5CB170001DF05 /* Debug */ = {
			isa = XCBuildConfiguration;
			buildSettings = {
				ALWAYS_EMBED_SWIFT_STANDARD_LIBRARIES = YES;
				CODE_SIGN_STYLE = Automatic;
				CURRENT_PROJECT_VERSION = 1;
				DEVELOPMENT_TEAM = 9AUFUUBW55;
				GENERATE_INFOPLIST_FILE = YES;
				MARKETING_VERSION = 1.0;
				PRODUCT_BUNDLE_IDENTIFIER = com.cropper.AAImageCropperUITests;
				PRODUCT_NAME = "$(TARGET_NAME)";
				SWIFT_EMIT_LOC_STRINGS = NO;
				SWIFT_VERSION = 5.0;
				TARGETED_DEVICE_FAMILY = "1,2";
				TEST_TARGET_NAME = AAImageCropper;
			};
			name = Debug;
		};
		7E6061A529F5CB170001DF05 /* Release */ = {
			isa = XCBuildConfiguration;
			buildSettings = {
				ALWAYS_EMBED_SWIFT_STANDARD_LIBRARIES = YES;
				CODE_SIGN_STYLE = Automatic;
				CURRENT_PROJECT_VERSION = 1;
				DEVELOPMENT_TEAM = 9AUFUUBW55;
				GENERATE_INFOPLIST_FILE = YES;
				MARKETING_VERSION = 1.0;
				PRODUCT_BUNDLE_IDENTIFIER = com.cropper.AAImageCropperUITests;
				PRODUCT_NAME = "$(TARGET_NAME)";
				SWIFT_EMIT_LOC_STRINGS = NO;
				SWIFT_VERSION = 5.0;
				TARGETED_DEVICE_FAMILY = "1,2";
				TEST_TARGET_NAME = AAImageCropper;
			};
			name = Release;
		};
/* End XCBuildConfiguration section */

/* Begin XCConfigurationList section */
		7E60617429F5CB160001DF05 /* Build configuration list for PBXProject "AAImageCropper" */ = {
			isa = XCConfigurationList;
			buildConfigurations = (
				7E60619B29F5CB170001DF05 /* Debug */,
				7E60619C29F5CB170001DF05 /* Release */,
			);
			defaultConfigurationIsVisible = 0;
			defaultConfigurationName = Release;
		};
		7E60619D29F5CB170001DF05 /* Build configuration list for PBXNativeTarget "AAImageCropper" */ = {
			isa = XCConfigurationList;
			buildConfigurations = (
				7E60619E29F5CB170001DF05 /* Debug */,
				7E60619F29F5CB170001DF05 /* Release */,
			);
			defaultConfigurationIsVisible = 0;
			defaultConfigurationName = Release;
		};
		7E6061A029F5CB170001DF05 /* Build configuration list for PBXNativeTarget "AAImageCropperTests" */ = {
			isa = XCConfigurationList;
			buildConfigurations = (
				7E6061A129F5CB170001DF05 /* Debug */,
				7E6061A229F5CB170001DF05 /* Release */,
			);
			defaultConfigurationIsVisible = 0;
			defaultConfigurationName = Release;
		};
		7E6061A329F5CB170001DF05 /* Build configuration list for PBXNativeTarget "AAImageCropperUITests" */ = {
			isa = XCConfigurationList;
			buildConfigurations = (
				7E6061A429F5CB170001DF05 /* Debug */,
				7E6061A529F5CB170001DF05 /* Release */,
			);
			defaultConfigurationIsVisible = 0;
			defaultConfigurationName = Release;
		};
/* End XCConfigurationList section */
	};
	rootObject = 7E60617129F5CB160001DF05 /* Project object */;
}
